
Microsoft Visual Studio Solution File, Format Version 12.00
# Visual Studio 15
VisualStudioVersion = 15.0.28307.136
MinimumVisualStudioVersion = 10.0.40219.1
Project("{9A19103F-16F7-4668-BE54-9A1E7A4F7556}") = "Skytecs.MegafonPbxApiClient", "Skytecs.MegafonPbxApiClient\Skytecs.MegafonPbxApiClient.csproj", "{B8E689E6-659F-436D-B857-51FF3BE4C21F}"
EndProject
Project("{9A19103F-16F7-4668-BE54-9A1E7A4F7556}") = "Skytecs.MegafonPbxApiClient.Tests", "Skytecs.MegafonPbxApiClient.Tests\Skytecs.MegafonPbxApiClient.Tests.csproj", "{1EBAF318-9463-47EE-BFC6-179F758EB50E}"
EndProject
Global
	GlobalSection(SolutionConfigurationPlatforms) = preSolution
		Debug|Any CPU = Debug|Any CPU
		Release|Any CPU = Release|Any CPU
	EndGlobalSection
	GlobalSection(ProjectConfigurationPlatforms) = postSolution
		{B8E689E6-659F-436D-B857-51FF3BE4C21F}.Debug|Any CPU.ActiveCfg = Debug|Any CPU
		{B8E689E6-659F-436D-B857-51FF3BE4C21F}.Debug|Any CPU.Build.0 = Debug|Any CPU
		{B8E689E6-659F-436D-B857-51FF3BE4C21F}.Release|Any CPU.ActiveCfg = Release|Any CPU
		{B8E689E6-659F-436D-B857-51FF3BE4C21F}.Release|Any CPU.Build.0 = Release|Any CPU
		{1EBAF318-9463-47EE-BFC6-179F758EB50E}.Debug|Any CPU.ActiveCfg = Debug|Any CPU
		{1EBAF318-9463-47EE-BFC6-179F758EB50E}.Debug|Any CPU.Build.0 = Debug|Any CPU
		{1EBAF318-9463-47EE-BFC6-179F758EB50E}.Release|Any CPU.ActiveCfg = Release|Any CPU
		{1EBAF318-9463-47EE-BFC6-179F758EB50E}.Release|Any CPU.Build.0 = Release|Any CPU
	EndGlobalSection
	GlobalSection(SolutionProperties) = preSolution
		HideSolutionNode = FALSE
	EndGlobalSection
	GlobalSection(ExtensibilityGlobals) = postSolution
		SolutionGuid = {8E749000-FD3B-423D-863F-DE3938E26F4C}
	EndGlobalSection
EndGlobal
